
Microsoft Visual Studio Solution File, Format Version 12.00
# Visual Studio 14
VisualStudioVersion = 14.0.25420.1
MinimumVisualStudioVersion = 10.0.40219.1
Project("{FAE04EC0-301F-11D3-BF4B-00C04F79EFBC}") = "QLKH", "QLKH\QLKH.csproj", "{BACD68C2-DE55-4861-9A1E-CAC60D88509E}"
EndProject
Global
	GlobalSection(SolutionConfigurationPlatforms) = preSolution
		Debug|Any CPU = Debug|Any CPU
		Release|Any CPU = Release|Any CPU
	EndGlobalSection
	GlobalSection(ProjectConfigurationPlatforms) = postSolution
		{BACD68C2-DE55-4861-9A1E-CAC60D88509E}.Debug|Any CPU.ActiveCfg = Debug|Any CPU
		{BACD68C2-DE55-4861-9A1E-CAC60D88509E}.Debug|Any CPU.Build.0 = Debug|Any CPU
		{BACD68C2-DE55-4861-9A1E-CAC60D88509E}.Release|Any CPU.ActiveCfg = Release|Any CPU
		{BACD68C2-DE55-4861-9A1E-CAC60D88509E}.Release|Any CPU.Build.0 = Release|Any CPU
	EndGlobalSection
	GlobalSection(SolutionProperties) = preSolution
		HideSolutionNode = FALSE
	EndGlobalSection
EndGlobal
